// !$*UTF8*$!
{
	archiveVersion = 1;
	classes = {
	};
	objectVersion = 46;
	objects = {

/* Begin PBXBuildFile section */
		040FE9371D796FA30056F7C6 /* MJExtensionConfig.m in Sources */ = {isa = PBXBuildFile; fileRef = 040FE9361D796FA30056F7C6 /* MJExtensionConfig.m */; };
		040FE93B1D79793D0056F7C6 /* LXMeViewController.m in Sources */ = {isa = PBXBuildFile; fileRef = 040FE9391D79793D0056F7C6 /* LXMeViewController.m */; };
		040FE93C1D79793D0056F7C6 /* LXMeViewController.xib in Resources */ = {isa = PBXBuildFile; fileRef = 040FE93A1D79793D0056F7C6 /* LXMeViewController.xib */; };
		040FE93F1D7981070056F7C6 /* LXHotLiveHandler.m in Sources */ = {isa = PBXBuildFile; fileRef = 040FE93E1D7981070056F7C6 /* LXHotLiveHandler.m */; };
		040FE9431D7982770056F7C6 /* LXHotLiveCell.m in Sources */ = {isa = PBXBuildFile; fileRef = 040FE9411D7982770056F7C6 /* LXHotLiveCell.m */; };
		040FE9441D7982770056F7C6 /* LXHotLiveCell.xib in Resources */ = {isa = PBXBuildFile; fileRef = 040FE9421D7982770056F7C6 /* LXHotLiveCell.xib */; };
		040FE9501D79A3050056F7C6 /* HttpTool.m in Sources */ = {isa = PBXBuildFile; fileRef = 040FE94F1D79A3050056F7C6 /* HttpTool.m */; };
		040FE9581D79B68C0056F7C6 /* LXHotLiveHeaderView.m in Sources */ = {isa = PBXBuildFile; fileRef = 040FE9571D79B68C0056F7C6 /* LXHotLiveHeaderView.m */; };
		040FE95D1D7AC1C10056F7C6 /* LXHotLiveAdvertise.m in Sources */ = {isa = PBXBuildFile; fileRef = 040FE95C1D7AC1C10056F7C6 /* LXHotLiveAdvertise.m */; };
		040FE9601D7AC1E30056F7C6 /* LXResource.m in Sources */ = {isa = PBXBuildFile; fileRef = 040FE95F1D7AC1E30056F7C6 /* LXResource.m */; };
		040FE9681D7AD57C0056F7C6 /* LXLoginViewController.m in Sources */ = {isa = PBXBuildFile; fileRef = 040FE9671D7AD57C0056F7C6 /* LXLoginViewController.m */; };
		040FE96A1D7AD59D0056F7C6 /* LXLoginViewController.xib in Resources */ = {isa = PBXBuildFile; fileRef = 040FE9691D7AD59D0056F7C6 /* LXLoginViewController.xib */; };
		047DF3D31D7AF1AC000DF912 /* LXPhoneLoginViewController.m in Sources */ = {isa = PBXBuildFile; fileRef = 047DF3D11D7AF1AC000DF912 /* LXPhoneLoginViewController.m */; };
		047DF3D41D7AF1AC000DF912 /* LXPhoneLoginViewController.xib in Resources */ = {isa = PBXBuildFile; fileRef = 047DF3D21D7AF1AC000DF912 /* LXPhoneLoginViewController.xib */; };
		048C0B7B1D77C3B900A8E672 /* Main.storyboard in Resources */ = {isa = PBXBuildFile; fileRef = 048C0B791D77C3B900A8E672 /* Main.storyboard */; };
		048C0B7D1D77C3B900A8E672 /* Assets.xcassets in Resources */ = {isa = PBXBuildFile; fileRef = 048C0B7C1D77C3B900A8E672 /* Assets.xcassets */; };
		048C0B801D77C3B900A8E672 /* LaunchScreen.storyboard in Resources */ = {isa = PBXBuildFile; fileRef = 048C0B7E1D77C3B900A8E672 /* LaunchScreen.storyboard */; };
		048C0B8B1D77C3B900A8E672 /* Inke_LiveTests.m in Sources */ = {isa = PBXBuildFile; fileRef = 048C0B8A1D77C3B900A8E672 /* Inke_LiveTests.m */; };
		048C0B961D77C3B900A8E672 /* Inke_LiveUITests.m in Sources */ = {isa = PBXBuildFile; fileRef = 048C0B951D77C3B900A8E672 /* Inke_LiveUITests.m */; };
		048C0BC31D77C4A600A8E672 /* AppDelegate.m in Sources */ = {isa = PBXBuildFile; fileRef = 048C0BBA1D77C4A600A8E672 /* AppDelegate.m */; };
		048C0BC41D77C4A600A8E672 /* ViewController.m in Sources */ = {isa = PBXBuildFile; fileRef = 048C0BBC1D77C4A600A8E672 /* ViewController.m */; };
		048C0BC81D77D10600A8E672 /* LXBaseTabBarController.m in Sources */ = {isa = PBXBuildFile; fileRef = 048C0BC71D77D10600A8E672 /* LXBaseTabBarController.m */; };
		048C0BCB1D77D19700A8E672 /* LXTabBar.m in Sources */ = {isa = PBXBuildFile; fileRef = 048C0BCA1D77D19700A8E672 /* LXTabBar.m */; };
		048C0BCD1D77D5A600A8E672 /* main.m in Sources */ = {isa = PBXBuildFile; fileRef = 048C0BCC1D77D5A600A8E672 /* main.m */; };
		048C0BD31D77D9DC00A8E672 /* LXBaseNavigationController.m in Sources */ = {isa = PBXBuildFile; fileRef = 048C0BD21D77D9DC00A8E672 /* LXBaseNavigationController.m */; };
		048C0BD91D77DF2B00A8E672 /* LXLiveViewController.m in Sources */ = {isa = PBXBuildFile; fileRef = 048C0BD81D77DF2B00A8E672 /* LXLiveViewController.m */; };
		048C0BE11D78260100A8E672 /* LXBaseViewController.m in Sources */ = {isa = PBXBuildFile; fileRef = 048C0BE01D78260100A8E672 /* LXBaseViewController.m */; };
		048C0BEA1D782A6700A8E672 /* LXLaurenViewController.m in Sources */ = {isa = PBXBuildFile; fileRef = 048C0BE81D782A6700A8E672 /* LXLaurenViewController.m */; };
		048C0BEB1D782A6700A8E672 /* LXLaurenViewController.xib in Resources */ = {isa = PBXBuildFile; fileRef = 048C0BE91D782A6700A8E672 /* LXLaurenViewController.xib */; };
		048C0BF21D782CFE00A8E672 /* LXMainViewController.m in Sources */ = {isa = PBXBuildFile; fileRef = 048C0BF01D782CFE00A8E672 /* LXMainViewController.m */; };
		048C0BF31D782CFE00A8E672 /* LXMainViewController.xib in Resources */ = {isa = PBXBuildFile; fileRef = 048C0BF11D782CFE00A8E672 /* LXMainViewController.xib */; };
		048C0BFF1D78307300A8E672 /* LXFocusViewController.m in Sources */ = {isa = PBXBuildFile; fileRef = 048C0BFD1D78307300A8E672 /* LXFocusViewController.m */; };
		048C0C001D78307300A8E672 /* LXFocusViewController.xib in Resources */ = {isa = PBXBuildFile; fileRef = 048C0BFE1D78307300A8E672 /* LXFocusViewController.xib */; };
		048C0C091D7830FD00A8E672 /* LXNearViewController.m in Sources */ = {isa = PBXBuildFile; fileRef = 048C0C071D7830FD00A8E672 /* LXNearViewController.m */; };
		048C0C0A1D7830FD00A8E672 /* LXNearViewController.xib in Resources */ = {isa = PBXBuildFile; fileRef = 048C0C081D7830FD00A8E672 /* LXNearViewController.xib */; };
		048C0C0F1D78317D00A8E672 /* LXHotViewController.m in Sources */ = {isa = PBXBuildFile; fileRef = 048C0C0D1D78317D00A8E672 /* LXHotViewController.m */; };
		048C0C101D78317D00A8E672 /* LXHotViewController.xib in Resources */ = {isa = PBXBuildFile; fileRef = 048C0C0E1D78317D00A8E672 /* LXHotViewController.xib */; };
		048C0C6E1D79165400A8E672 /* LXMainTopView.m in Sources */ = {isa = PBXBuildFile; fileRef = 048C0C6D1D79165400A8E672 /* LXMainTopView.m */; };
		048C0C781D7928CD00A8E672 /* UIImageView+SDWebImage.m in Sources */ = {isa = PBXBuildFile; fileRef = 048C0C771D7928CD00A8E672 /* UIImageView+SDWebImage.m */; };
		048C0C7C1D792EFE00A8E672 /* LXHotLiveModel.m in Sources */ = {isa = PBXBuildFile; fileRef = 048C0C7B1D792EFE00A8E672 /* LXHotLiveModel.m */; };
		048C0C851D792FC500A8E672 /* LXCreateor.m in Sources */ = {isa = PBXBuildFile; fileRef = 048C0C841D792FC500A8E672 /* LXCreateor.m */; };
		048C0C881D792FDC00A8E672 /* LXLive.m in Sources */ = {isa = PBXBuildFile; fileRef = 048C0C871D792FDC00A8E672 /* LXLive.m */; };
		048C0C8B1D794FB300A8E672 /* LXBaseHandler.m in Sources */ = {isa = PBXBuildFile; fileRef = 048C0C8A1D794FB300A8E672 /* LXBaseHandler.m */; };
		2389A19480ADDA697424298A /* libPods-Inke_LiveTests.a in Frameworks */ = {isa = PBXBuildFile; fileRef = 2662AE5E6CC94FFB37FB9044 /* libPods-Inke_LiveTests.a */; };
		413CF6050C1E2550D77CC9D9 /* libPods-Inke_Live.a in Frameworks */ = {isa = PBXBuildFile; fileRef = AFA9A6DC0AEC2E9351975B56 /* libPods-Inke_Live.a */; };
		B613E2691BDB606B74CA9162 /* libPods-Inke_LiveUITests.a in Frameworks */ = {isa = PBXBuildFile; fileRef = 76EFDC78C71DA77E7D4A671C /* libPods-Inke_LiveUITests.a */; };
/* End PBXBuildFile section */

/* Begin PBXContainerItemProxy section */
		048C0B871D77C3B900A8E672 /* PBXContainerItemProxy */ = {
			isa = PBXContainerItemProxy;
			containerPortal = 048C0B651D77C3B900A8E672 /* Project object */;
			proxyType = 1;
			remoteGlobalIDString = 048C0B6C1D77C3B900A8E672;
			remoteInfo = Inke_Live;
		};
		048C0B921D77C3B900A8E672 /* PBXContainerItemProxy */ = {
			isa = PBXContainerItemProxy;
			containerPortal = 048C0B651D77C3B900A8E672 /* Project object */;
			proxyType = 1;
			remoteGlobalIDString = 048C0B6C1D77C3B900A8E672;
			remoteInfo = Inke_Live;
		};
/* End PBXContainerItemProxy section */

/* Begin PBXFileReference section */
		040FE9351D796FA30056F7C6 /* MJExtensionConfig.h */ = {isa = PBXFileReference; fileEncoding = 4; lastKnownFileType = sourcecode.c.h; path = MJExtensionConfig.h; sourceTree = "<group>"; };
		040FE9361D796FA30056F7C6 /* MJExtensionConfig.m */ = {isa = PBXFileReference; fileEncoding = 4; lastKnownFileType = sourcecode.c.objc; path = MJExtensionConfig.m; sourceTree = "<group>"; };
		040FE9381D79793D0056F7C6 /* LXMeViewController.h */ = {isa = PBXFileReference; fileEncoding = 4; lastKnownFileType = sourcecode.c.h; path = LXMeViewController.h; sourceTree = "<group>"; };
		040FE9391D79793D0056F7C6 /* LXMeViewController.m */ = {isa = PBXFileReference; fileEncoding = 4; lastKnownFileType = sourcecode.c.objc; path = LXMeViewController.m; sourceTree = "<group>"; };
		040FE93A1D79793D0056F7C6 /* LXMeViewController.xib */ = {isa = PBXFileReference; fileEncoding = 4; lastKnownFileType = file.xib; path = LXMeViewController.xib; sourceTree = "<group>"; };
		040FE93D1D7981070056F7C6 /* LXHotLiveHandler.h */ = {isa = PBXFileReference; fileEncoding = 4; lastKnownFileType = sourcecode.c.h; path = LXHotLiveHandler.h; sourceTree = "<group>"; };
		040FE93E1D7981070056F7C6 /* LXHotLiveHandler.m */ = {isa = PBXFileReference; fileEncoding = 4; lastKnownFileType = sourcecode.c.objc; path = LXHotLiveHandler.m; sourceTree = "<group>"; };
		040FE9401D7982770056F7C6 /* LXHotLiveCell.h */ = {isa = PBXFileReference; fileEncoding = 4; lastKnownFileType = sourcecode.c.h; path = LXHotLiveCell.h; sourceTree = "<group>"; };
		040FE9411D7982770056F7C6 /* LXHotLiveCell.m */ = {isa = PBXFileReference; fileEncoding = 4; lastKnownFileType = sourcecode.c.objc; path = LXHotLiveCell.m; sourceTree = "<group>"; };
		040FE9421D7982770056F7C6 /* LXHotLiveCell.xib */ = {isa = PBXFileReference; fileEncoding = 4; lastKnownFileType = file.xib; path = LXHotLiveCell.xib; sourceTree = "<group>"; };
		040FE94E1D79A3050056F7C6 /* HttpTool.h */ = {isa = PBXFileReference; fileEncoding = 4; lastKnownFileType = sourcecode.c.h; path = HttpTool.h; sourceTree = "<group>"; };
		040FE94F1D79A3050056F7C6 /* HttpTool.m */ = {isa = PBXFileReference; fileEncoding = 4; lastKnownFileType = sourcecode.c.objc; path = HttpTool.m; sourceTree = "<group>"; };
		040FE9561D79B68C0056F7C6 /* LXHotLiveHeaderView.h */ = {isa = PBXFileReference; fileEncoding = 4; lastKnownFileType = sourcecode.c.h; path = LXHotLiveHeaderView.h; sourceTree = "<group>"; };
		040FE9571D79B68C0056F7C6 /* LXHotLiveHeaderView.m */ = {isa = PBXFileReference; fileEncoding = 4; lastKnownFileType = sourcecode.c.objc; path = LXHotLiveHeaderView.m; sourceTree = "<group>"; };
		040FE95B1D7AC1C10056F7C6 /* LXHotLiveAdvertise.h */ = {isa = PBXFileReference; fileEncoding = 4; lastKnownFileType = sourcecode.c.h; path = LXHotLiveAdvertise.h; sourceTree = "<group>"; };
		040FE95C1D7AC1C10056F7C6 /* LXHotLiveAdvertise.m */ = {isa = PBXFileReference; fileEncoding = 4; lastKnownFileType = sourcecode.c.objc; path = LXHotLiveAdvertise.m; sourceTree = "<group>"; };
		040FE95E1D7AC1E30056F7C6 /* LXResource.h */ = {isa = PBXFileReference; fileEncoding = 4; lastKnownFileType = sourcecode.c.h; path = LXResource.h; sourceTree = "<group>"; };
		040FE95F1D7AC1E30056F7C6 /* LXResource.m */ = {isa = PBXFileReference; fileEncoding = 4; lastKnownFileType = sourcecode.c.objc; path = LXResource.m; sourceTree = "<group>"; };
		040FE9661D7AD57C0056F7C6 /* LXLoginViewController.h */ = {isa = PBXFileReference; fileEncoding = 4; lastKnownFileType = sourcecode.c.h; path = LXLoginViewController.h; sourceTree = "<group>"; };
		040FE9671D7AD57C0056F7C6 /* LXLoginViewController.m */ = {isa = PBXFileReference; fileEncoding = 4; lastKnownFileType = sourcecode.c.objc; path = LXLoginViewController.m; sourceTree = "<group>"; };
		040FE9691D7AD59D0056F7C6 /* LXLoginViewController.xib */ = {isa = PBXFileReference; fileEncoding = 4; lastKnownFileType = file.xib; path = LXLoginViewController.xib; sourceTree = "<group>"; };
		047DF3D01D7AF1AC000DF912 /* LXPhoneLoginViewController.h */ = {isa = PBXFileReference; fileEncoding = 4; lastKnownFileType = sourcecode.c.h; path = LXPhoneLoginViewController.h; sourceTree = "<group>"; };
		047DF3D11D7AF1AC000DF912 /* LXPhoneLoginViewController.m */ = {isa = PBXFileReference; fileEncoding = 4; lastKnownFileType = sourcecode.c.objc; path = LXPhoneLoginViewController.m; sourceTree = "<group>"; };
		047DF3D21D7AF1AC000DF912 /* LXPhoneLoginViewController.xib */ = {isa = PBXFileReference; fileEncoding = 4; lastKnownFileType = file.xib; path = LXPhoneLoginViewController.xib; sourceTree = "<group>"; };
		048C0B6D1D77C3B900A8E672 /* Inke_Live.app */ = {isa = PBXFileReference; explicitFileType = wrapper.application; includeInIndex = 0; path = Inke_Live.app; sourceTree = BUILT_PRODUCTS_DIR; };
		048C0B7A1D77C3B900A8E672 /* Base */ = {isa = PBXFileReference; lastKnownFileType = file.storyboard; name = Base; path = Base.lproj/Main.storyboard; sourceTree = "<group>"; };
		048C0B7C1D77C3B900A8E672 /* Assets.xcassets */ = {isa = PBXFileReference; lastKnownFileType = folder.assetcatalog; path = Assets.xcassets; sourceTree = "<group>"; };
		048C0B7F1D77C3B900A8E672 /* Base */ = {isa = PBXFileReference; lastKnownFileType = file.storyboard; name = Base; path = Base.lproj/LaunchScreen.storyboard; sourceTree = "<group>"; };
		048C0B811D77C3B900A8E672 /* Info.plist */ = {isa = PBXFileReference; lastKnownFileType = text.plist.xml; path = Info.plist; sourceTree = "<group>"; };
		048C0B861D77C3B900A8E672 /* Inke_LiveTests.xctest */ = {isa = PBXFileReference; explicitFileType = wrapper.cfbundle; includeInIndex = 0; path = Inke_LiveTests.xctest; sourceTree = BUILT_PRODUCTS_DIR; };
		048C0B8A1D77C3B900A8E672 /* Inke_LiveTests.m */ = {isa = PBXFileReference; lastKnownFileType = sourcecode.c.objc; path = Inke_LiveTests.m; sourceTree = "<group>"; };
		048C0B8C1D77C3B900A8E672 /* Info.plist */ = {isa = PBXFileReference; lastKnownFileType = text.plist.xml; path = Info.plist; sourceTree = "<group>"; };
		048C0B911D77C3B900A8E672 /* Inke_LiveUITests.xctest */ = {isa = PBXFileReference; explicitFileType = wrapper.cfbundle; includeInIndex = 0; path = Inke_LiveUITests.xctest; sourceTree = BUILT_PRODUCTS_DIR; };
		048C0B951D77C3B900A8E672 /* Inke_LiveUITests.m */ = {isa = PBXFileReference; lastKnownFileType = sourcecode.c.objc; path = Inke_LiveUITests.m; sourceTree = "<group>"; };
		048C0B971D77C3B900A8E672 /* Info.plist */ = {isa = PBXFileReference; lastKnownFileType = text.plist.xml; path = Info.plist; sourceTree = "<group>"; };
		048C0BB91D77C4A600A8E672 /* AppDelegate.h */ = {isa = PBXFileReference; fileEncoding = 4; lastKnownFileType = sourcecode.c.h; path = AppDelegate.h; sourceTree = "<group>"; };
		048C0BBA1D77C4A600A8E672 /* AppDelegate.m */ = {isa = PBXFileReference; fileEncoding = 4; lastKnownFileType = sourcecode.c.objc; path = AppDelegate.m; sourceTree = "<group>"; };
		048C0BBB1D77C4A600A8E672 /* ViewController.h */ = {isa = PBXFileReference; fileEncoding = 4; lastKnownFileType = sourcecode.c.h; path = ViewController.h; sourceTree = "<group>"; };
		048C0BBC1D77C4A600A8E672 /* ViewController.m */ = {isa = PBXFileReference; fileEncoding = 4; lastKnownFileType = sourcecode.c.objc; path = ViewController.m; sourceTree = "<group>"; };
		048C0BC51D77C51100A8E672 /* Inke_Live.pch */ = {isa = PBXFileReference; lastKnownFileType = sourcecode.c.h; path = Inke_Live.pch; sourceTree = "<group>"; };
		048C0BC61D77D10600A8E672 /* LXBaseTabBarController.h */ = {isa = PBXFileReference; fileEncoding = 4; lastKnownFileType = sourcecode.c.h; path = LXBaseTabBarController.h; sourceTree = "<group>"; };
		048C0BC71D77D10600A8E672 /* LXBaseTabBarController.m */ = {isa = PBXFileReference; fileEncoding = 4; lastKnownFileType = sourcecode.c.objc; path = LXBaseTabBarController.m; sourceTree = "<group>"; };
		048C0BC91D77D19700A8E672 /* LXTabBar.h */ = {isa = PBXFileReference; fileEncoding = 4; lastKnownFileType = sourcecode.c.h; path = LXTabBar.h; sourceTree = "<group>"; };
		048C0BCA1D77D19700A8E672 /* LXTabBar.m */ = {isa = PBXFileReference; fileEncoding = 4; lastKnownFileType = sourcecode.c.objc; path = LXTabBar.m; sourceTree = "<group>"; };
		048C0BCC1D77D5A600A8E672 /* main.m */ = {isa = PBXFileReference; fileEncoding = 4; lastKnownFileType = sourcecode.c.objc; path = main.m; sourceTree = "<group>"; };
		048C0BD11D77D9DC00A8E672 /* LXBaseNavigationController.h */ = {isa = PBXFileReference; fileEncoding = 4; lastKnownFileType = sourcecode.c.h; path = LXBaseNavigationController.h; sourceTree = "<group>"; };
		048C0BD21D77D9DC00A8E672 /* LXBaseNavigationController.m */ = {isa = PBXFileReference; fileEncoding = 4; lastKnownFileType = sourcecode.c.objc; path = LXBaseNavigationController.m; sourceTree = "<group>"; };
		048C0BD71D77DF2B00A8E672 /* LXLiveViewController.h */ = {isa = PBXFileReference; fileEncoding = 4; lastKnownFileType = sourcecode.c.h; path = LXLiveViewController.h; sourceTree = "<group>"; };
		048C0BD81D77DF2B00A8E672 /* LXLiveViewController.m */ = {isa = PBXFileReference; fileEncoding = 4; lastKnownFileType = sourcecode.c.objc; path = LXLiveViewController.m; sourceTree = "<group>"; };
		048C0BDF1D78260100A8E672 /* LXBaseViewController.h */ = {isa = PBXFileReference; fileEncoding = 4; lastKnownFileType = sourcecode.c.h; path = LXBaseViewController.h; sourceTree = "<group>"; };
		048C0BE01D78260100A8E672 /* LXBaseViewController.m */ = {isa = PBXFileReference; fileEncoding = 4; lastKnownFileType = sourcecode.c.objc; path = LXBaseViewController.m; sourceTree = "<group>"; };
		048C0BE71D782A6700A8E672 /* LXLaurenViewController.h */ = {isa = PBXFileReference; fileEncoding = 4; lastKnownFileType = sourcecode.c.h; path = LXLaurenViewController.h; sourceTree = "<group>"; };
		048C0BE81D782A6700A8E672 /* LXLaurenViewController.m */ = {isa = PBXFileReference; fileEncoding = 4; lastKnownFileType = sourcecode.c.objc; path = LXLaurenViewController.m; sourceTree = "<group>"; };
		048C0BE91D782A6700A8E672 /* LXLaurenViewController.xib */ = {isa = PBXFileReference; fileEncoding = 4; lastKnownFileType = file.xib; path = LXLaurenViewController.xib; sourceTree = "<group>"; };
		048C0BEF1D782CFE00A8E672 /* LXMainViewController.h */ = {isa = PBXFileReference; fileEncoding = 4; lastKnownFileType = sourcecode.c.h; path = LXMainViewController.h; sourceTree = "<group>"; };
		048C0BF01D782CFE00A8E672 /* LXMainViewController.m */ = {isa = PBXFileReference; fileEncoding = 4; lastKnownFileType = sourcecode.c.objc; path = LXMainViewController.m; sourceTree = "<group>"; };
		048C0BF11D782CFE00A8E672 /* LXMainViewController.xib */ = {isa = PBXFileReference; fileEncoding = 4; lastKnownFileType = file.xib; path = LXMainViewController.xib; sourceTree = "<group>"; };
		048C0BFC1D78307300A8E672 /* LXFocusViewController.h */ = {isa = PBXFileReference; fileEncoding = 4; lastKnownFileType = sourcecode.c.h; path = LXFocusViewController.h; sourceTree = "<group>"; };
		048C0BFD1D78307300A8E672 /* LXFocusViewController.m */ = {isa = PBXFileReference; fileEncoding = 4; lastKnownFileType = sourcecode.c.objc; path = LXFocusViewController.m; sourceTree = "<group>"; };
		048C0BFE1D78307300A8E672 /* LXFocusViewController.xib */ = {isa = PBXFileReference; fileEncoding = 4; lastKnownFileType = file.xib; path = LXFocusViewController.xib; sourceTree = "<group>"; };
		048C0C061D7830FD00A8E672 /* LXNearViewController.h */ = {isa = PBXFileReference; fileEncoding = 4; lastKnownFileType = sourcecode.c.h; path = LXNearViewController.h; sourceTree = "<group>"; };
		048C0C071D7830FD00A8E672 /* LXNearViewController.m */ = {isa = PBXFileReference; fileEncoding = 4; lastKnownFileType = sourcecode.c.objc; path = LXNearViewController.m; sourceTree = "<group>"; };
		048C0C081D7830FD00A8E672 /* LXNearViewController.xib */ = {isa = PBXFileReference; fileEncoding = 4; lastKnownFileType = file.xib; path = LXNearViewController.xib; sourceTree = "<group>"; };
		048C0C0C1D78317D00A8E672 /* LXHotViewController.h */ = {isa = PBXFileReference; fileEncoding = 4; lastKnownFileType = sourcecode.c.h; path = LXHotViewController.h; sourceTree = "<group>"; };
		048C0C0D1D78317D00A8E672 /* LXHotViewController.m */ = {isa = PBXFileReference; fileEncoding = 4; lastKnownFileType = sourcecode.c.objc; path = LXHotViewController.m; sourceTree = "<group>"; };
		048C0C0E1D78317D00A8E672 /* LXHotViewController.xib */ = {isa = PBXFileReference; fileEncoding = 4; lastKnownFileType = file.xib; path = LXHotViewController.xib; sourceTree = "<group>"; };
		048C0C6C1D79165400A8E672 /* LXMainTopView.h */ = {isa = PBXFileReference; fileEncoding = 4; lastKnownFileType = sourcecode.c.h; path = LXMainTopView.h; sourceTree = "<group>"; };
		048C0C6D1D79165400A8E672 /* LXMainTopView.m */ = {isa = PBXFileReference; fileEncoding = 4; lastKnownFileType = sourcecode.c.objc; path = LXMainTopView.m; sourceTree = "<group>"; };
		048C0C701D7925FE00A8E672 /* APIConfig.h */ = {isa = PBXFileReference; fileEncoding = 4; lastKnownFileType = sourcecode.c.h; path = APIConfig.h; sourceTree = "<group>"; };
		048C0C761D7928CD00A8E672 /* UIImageView+SDWebImage.h */ = {isa = PBXFileReference; fileEncoding = 4; lastKnownFileType = sourcecode.c.h; path = "UIImageView+SDWebImage.h"; sourceTree = "<group>"; };
		048C0C771D7928CD00A8E672 /* UIImageView+SDWebImage.m */ = {isa = PBXFileReference; fileEncoding = 4; lastKnownFileType = sourcecode.c.objc; path = "UIImageView+SDWebImage.m"; sourceTree = "<group>"; };
		048C0C7A1D792EFE00A8E672 /* LXHotLiveModel.h */ = {isa = PBXFileReference; fileEncoding = 4; lastKnownFileType = sourcecode.c.h; path = LXHotLiveModel.h; sourceTree = "<group>"; };
		048C0C7B1D792EFE00A8E672 /* LXHotLiveModel.m */ = {isa = PBXFileReference; fileEncoding = 4; lastKnownFileType = sourcecode.c.objc; path = LXHotLiveModel.m; sourceTree = "<group>"; };
		048C0C831D792FC500A8E672 /* LXCreateor.h */ = {isa = PBXFileReference; fileEncoding = 4; lastKnownFileType = sourcecode.c.h; path = LXCreateor.h; sourceTree = "<group>"; };
		048C0C841D792FC500A8E672 /* LXCreateor.m */ = {isa = PBXFileReference; fileEncoding = 4; lastKnownFileType = sourcecode.c.objc; path = LXCreateor.m; sourceTree = "<group>"; };
		048C0C861D792FDC00A8E672 /* LXLive.h */ = {isa = PBXFileReference; fileEncoding = 4; lastKnownFileType = sourcecode.c.h; path = LXLive.h; sourceTree = "<group>"; };
		048C0C871D792FDC00A8E672 /* LXLive.m */ = {isa = PBXFileReference; fileEncoding = 4; lastKnownFileType = sourcecode.c.objc; path = LXLive.m; sourceTree = "<group>"; };
		048C0C891D794FB300A8E672 /* LXBaseHandler.h */ = {isa = PBXFileReference; fileEncoding = 4; lastKnownFileType = sourcecode.c.h; path = LXBaseHandler.h; sourceTree = "<group>"; };
		048C0C8A1D794FB300A8E672 /* LXBaseHandler.m */ = {isa = PBXFileReference; fileEncoding = 4; lastKnownFileType = sourcecode.c.objc; path = LXBaseHandler.m; sourceTree = "<group>"; };
		0D0DBAA899D7569829681B82 /* Pods-Inke_LiveUITests.debug.xcconfig */ = {isa = PBXFileReference; includeInIndex = 1; lastKnownFileType = text.xcconfig; name = "Pods-Inke_LiveUITests.debug.xcconfig"; path = "Pods/Target Support Files/Pods-Inke_LiveUITests/Pods-Inke_LiveUITests.debug.xcconfig"; sourceTree = "<group>"; };
		2662AE5E6CC94FFB37FB9044 /* libPods-Inke_LiveTests.a */ = {isa = PBXFileReference; explicitFileType = archive.ar; includeInIndex = 0; path = "libPods-Inke_LiveTests.a"; sourceTree = BUILT_PRODUCTS_DIR; };
		371CFBC0754D04AA73E7CFF2 /* Pods-Inke_Live.release.xcconfig */ = {isa = PBXFileReference; includeInIndex = 1; lastKnownFileType = text.xcconfig; name = "Pods-Inke_Live.release.xcconfig"; path = "Pods/Target Support Files/Pods-Inke_Live/Pods-Inke_Live.release.xcconfig"; sourceTree = "<group>"; };
		3785A0AAD728542D0E479CDA /* Pods-Inke_LiveTests.debug.xcconfig */ = {isa = PBXFileReference; includeInIndex = 1; lastKnownFileType = text.xcconfig; name = "Pods-Inke_LiveTests.debug.xcconfig"; path = "Pods/Target Support Files/Pods-Inke_LiveTests/Pods-Inke_LiveTests.debug.xcconfig"; sourceTree = "<group>"; };
		45E0F4974E5FF7C622BB0DDC /* Pods-Inke_Live.debug.xcconfig */ = {isa = PBXFileReference; includeInIndex = 1; lastKnownFileType = text.xcconfig; name = "Pods-Inke_Live.debug.xcconfig"; path = "Pods/Target Support Files/Pods-Inke_Live/Pods-Inke_Live.debug.xcconfig"; sourceTree = "<group>"; };
		76EFDC78C71DA77E7D4A671C /* libPods-Inke_LiveUITests.a */ = {isa = PBXFileReference; explicitFileType = archive.ar; includeInIndex = 0; path = "libPods-Inke_LiveUITests.a"; sourceTree = BUILT_PRODUCTS_DIR; };
		79F3AEF3C049D8D8743AFCE5 /* Pods-Inke_LiveTests.release.xcconfig */ = {isa = PBXFileReference; includeInIndex = 1; lastKnownFileType = text.xcconfig; name = "Pods-Inke_LiveTests.release.xcconfig"; path = "Pods/Target Support Files/Pods-Inke_LiveTests/Pods-Inke_LiveTests.release.xcconfig"; sourceTree = "<group>"; };
		AFA9A6DC0AEC2E9351975B56 /* libPods-Inke_Live.a */ = {isa = PBXFileReference; explicitFileType = archive.ar; includeInIndex = 0; path = "libPods-Inke_Live.a"; sourceTree = BUILT_PRODUCTS_DIR; };
		D201B5C16ECD3ADBC2766D3A /* Pods-Inke_LiveUITests.release.xcconfig */ = {isa = PBXFileReference; includeInIndex = 1; lastKnownFileType = text.xcconfig; name = "Pods-Inke_LiveUITests.release.xcconfig"; path = "Pods/Target Support Files/Pods-Inke_LiveUITests/Pods-Inke_LiveUITests.release.xcconfig"; sourceTree = "<group>"; };
/* End PBXFileReference section */

/* Begin PBXFrameworksBuildPhase section */
		048C0B6A1D77C3B900A8E672 /* Frameworks */ = {
			isa = PBXFrameworksBuildPhase;
			buildActionMask = 2147483647;
			files = (
				413CF6050C1E2550D77CC9D9 /* libPods-Inke_Live.a in Frameworks */,
			);
			runOnlyForDeploymentPostprocessing = 0;
		};
		048C0B831D77C3B900A8E672 /* Frameworks */ = {
			isa = PBXFrameworksBuildPhase;
			buildActionMask = 2147483647;
			files = (
				2389A19480ADDA697424298A /* libPods-Inke_LiveTests.a in Frameworks */,
			);
			runOnlyForDeploymentPostprocessing = 0;
		};
		048C0B8E1D77C3B900A8E672 /* Frameworks */ = {
			isa = PBXFrameworksBuildPhase;
			buildActionMask = 2147483647;
			files = (
				B613E2691BDB606B74CA9162 /* libPods-Inke_LiveUITests.a in Frameworks */,
			);
			runOnlyForDeploymentPostprocessing = 0;
		};
/* End PBXFrameworksBuildPhase section */

/* Begin PBXGroup section */
		040FE9591D7AC1750056F7C6 /* HotLive */ = {
			isa = PBXGroup;
			children = (
				048C0C7A1D792EFE00A8E672 /* LXHotLiveModel.h */,
				048C0C7B1D792EFE00A8E672 /* LXHotLiveModel.m */,
				048C0C831D792FC500A8E672 /* LXCreateor.h */,
				048C0C841D792FC500A8E672 /* LXCreateor.m */,
				048C0C861D792FDC00A8E672 /* LXLive.h */,
				048C0C871D792FDC00A8E672 /* LXLive.m */,
			);
			name = HotLive;
			sourceTree = "<group>";
		};
		040FE95A1D7AC1800056F7C6 /* HotAdvertise */ = {
			isa = PBXGroup;
			children = (
				040FE95B1D7AC1C10056F7C6 /* LXHotLiveAdvertise.h */,
				040FE95C1D7AC1C10056F7C6 /* LXHotLiveAdvertise.m */,
				040FE95E1D7AC1E30056F7C6 /* LXResource.h */,
				040FE95F1D7AC1E30056F7C6 /* LXResource.m */,
			);
			name = HotAdvertise;
			sourceTree = "<group>";
		};
		040FE9611D7AD5230056F7C6 /* Login */ = {
			isa = PBXGroup;
			children = (
				040FE9621D7AD5230056F7C6 /* Handle */,
				040FE9631D7AD5230056F7C6 /* Model */,
				040FE9641D7AD5230056F7C6 /* View */,
				040FE9651D7AD5230056F7C6 /* ViewController */,
			);
			path = Login;
			sourceTree = "<group>";
		};
		040FE9621D7AD5230056F7C6 /* Handle */ = {
			isa = PBXGroup;
			children = (
			);
			path = Handle;
			sourceTree = "<group>";
		};
		040FE9631D7AD5230056F7C6 /* Model */ = {
			isa = PBXGroup;
			children = (
			);
			path = Model;
			sourceTree = "<group>";
		};
		040FE9641D7AD5230056F7C6 /* View */ = {
			isa = PBXGroup;
			children = (
			);
			path = View;
			sourceTree = "<group>";
		};
		040FE9651D7AD5230056F7C6 /* ViewController */ = {
			isa = PBXGroup;
			children = (
				040FE9661D7AD57C0056F7C6 /* LXLoginViewController.h */,
				040FE9671D7AD57C0056F7C6 /* LXLoginViewController.m */,
				040FE9691D7AD59D0056F7C6 /* LXLoginViewController.xib */,
				047DF3D01D7AF1AC000DF912 /* LXPhoneLoginViewController.h */,
				047DF3D11D7AF1AC000DF912 /* LXPhoneLoginViewController.m */,
				047DF3D21D7AF1AC000DF912 /* LXPhoneLoginViewController.xib */,
			);
			path = ViewController;
			sourceTree = "<group>";
		};
		048C0B641D77C3B900A8E672 = {
			isa = PBXGroup;
			children = (
				048C0B6F1D77C3B900A8E672 /* Inke_Live */,
				048C0B891D77C3B900A8E672 /* Inke_LiveTests */,
				048C0B941D77C3B900A8E672 /* Inke_LiveUITests */,
				048C0B6E1D77C3B900A8E672 /* Products */,
				BA898E257A8BC724BD214822 /* Pods */,
				46C205B671F1FA0EF8487296 /* Frameworks */,
			);
			sourceTree = "<group>";
		};
		048C0B6E1D77C3B900A8E672 /* Products */ = {
			isa = PBXGroup;
			children = (
				048C0B6D1D77C3B900A8E672 /* Inke_Live.app */,
				048C0B861D77C3B900A8E672 /* Inke_LiveTests.xctest */,
				048C0B911D77C3B900A8E672 /* Inke_LiveUITests.xctest */,
			);
			name = Products;
			sourceTree = "<group>";
		};
		048C0B6F1D77C3B900A8E672 /* Inke_Live */ = {
			isa = PBXGroup;
			children = (
				048C0BA31D77C4A600A8E672 /* Classes */,
				048C0B701D77C3B900A8E672 /* Supporting Files */,
			);
			path = Inke_Live;
			sourceTree = "<group>";
		};
		048C0B701D77C3B900A8E672 /* Supporting Files */ = {
			isa = PBXGroup;
			children = (
				048C0B791D77C3B900A8E672 /* Main.storyboard */,
				048C0B7C1D77C3B900A8E672 /* Assets.xcassets */,
				048C0B7E1D77C3B900A8E672 /* LaunchScreen.storyboard */,
				048C0B811D77C3B900A8E672 /* Info.plist */,
			);
			name = "Supporting Files";
			sourceTree = "<group>";
		};
		048C0B891D77C3B900A8E672 /* Inke_LiveTests */ = {
			isa = PBXGroup;
			children = (
				048C0B8A1D77C3B900A8E672 /* Inke_LiveTests.m */,
				048C0B8C1D77C3B900A8E672 /* Info.plist */,
			);
			path = Inke_LiveTests;
			sourceTree = "<group>";
		};
		048C0B941D77C3B900A8E672 /* Inke_LiveUITests */ = {
			isa = PBXGroup;
			children = (
				048C0B951D77C3B900A8E672 /* Inke_LiveUITests.m */,
				048C0B971D77C3B900A8E672 /* Info.plist */,
			);
			path = Inke_LiveUITests;
			sourceTree = "<group>";
		};
		048C0BA31D77C4A600A8E672 /* Classes */ = {
			isa = PBXGroup;
			children = (
				048C0C6F1D7925C000A8E672 /* NetWork */,
				048C0BA51D77C4A600A8E672 /* Helper */,
				048C0BA41D77C4A600A8E672 /* Base */,
				040FE9611D7AD5230056F7C6 /* Login */,
				048C0BA81D77C4A600A8E672 /* Lauren */,
				048C0BAD1D77C4A600A8E672 /* Live */,
				048C0BB21D77C4A600A8E672 /* Me */,
				048C0BBD1D77C4A600A8E672 /* Show */,
				048C0BB81D77C4A600A8E672 /* Other */,
				048C0BC21D77C4A600A8E672 /* Vender */,
			);
			path = Classes;
			sourceTree = "<group>";
		};
		048C0BA41D77C4A600A8E672 /* Base */ = {
			isa = PBXGroup;
			children = (
				048C0BD11D77D9DC00A8E672 /* LXBaseNavigationController.h */,
				048C0BD21D77D9DC00A8E672 /* LXBaseNavigationController.m */,
				048C0BC61D77D10600A8E672 /* LXBaseTabBarController.h */,
				048C0BC71D77D10600A8E672 /* LXBaseTabBarController.m */,
				048C0BC91D77D19700A8E672 /* LXTabBar.h */,
				048C0BCA1D77D19700A8E672 /* LXTabBar.m */,
				048C0BDF1D78260100A8E672 /* LXBaseViewController.h */,
				048C0BE01D78260100A8E672 /* LXBaseViewController.m */,
				048C0C891D794FB300A8E672 /* LXBaseHandler.h */,
				048C0C8A1D794FB300A8E672 /* LXBaseHandler.m */,
			);
			path = Base;
			sourceTree = "<group>";
		};
		048C0BA51D77C4A600A8E672 /* Helper */ = {
			isa = PBXGroup;
			children = (
				048C0BA61D77C4A600A8E672 /* Category */,
				048C0BA71D77C4A600A8E672 /* Tools */,
			);
			path = Helper;
			sourceTree = "<group>";
		};
		048C0BA61D77C4A600A8E672 /* Category */ = {
			isa = PBXGroup;
			children = (
			);
			path = Category;
			sourceTree = "<group>";
		};
		048C0BA71D77C4A600A8E672 /* Tools */ = {
			isa = PBXGroup;
			children = (
			);
			path = Tools;
			sourceTree = "<group>";
		};
		048C0BA81D77C4A600A8E672 /* Lauren */ = {
			isa = PBXGroup;
			children = (
				048C0BA91D77C4A600A8E672 /* Handle */,
				048C0BAA1D77C4A600A8E672 /* Model */,
				048C0BAB1D77C4A600A8E672 /* View */,
				048C0BAC1D77C4A600A8E672 /* ViewController */,
			);
			path = Lauren;
			sourceTree = "<group>";
		};
		048C0BA91D77C4A600A8E672 /* Handle */ = {
			isa = PBXGroup;
			children = (
			);
			path = Handle;
			sourceTree = "<group>";
		};
		048C0BAA1D77C4A600A8E672 /* Model */ = {
			isa = PBXGroup;
			children = (
			);
			path = Model;
			sourceTree = "<group>";
		};
		048C0BAB1D77C4A600A8E672 /* View */ = {
			isa = PBXGroup;
			children = (
			);
			path = View;
			sourceTree = "<group>";
		};
		048C0BAC1D77C4A600A8E672 /* ViewController */ = {
			isa = PBXGroup;
			children = (
				048C0BE71D782A6700A8E672 /* LXLaurenViewController.h */,
				048C0BE81D782A6700A8E672 /* LXLaurenViewController.m */,
				048C0BE91D782A6700A8E672 /* LXLaurenViewController.xib */,
			);
			path = ViewController;
			sourceTree = "<group>";
		};
		048C0BAD1D77C4A600A8E672 /* Live */ = {
			isa = PBXGroup;
			children = (
				048C0BAE1D77C4A600A8E672 /* Handle */,
				048C0BAF1D77C4A600A8E672 /* Model */,
				048C0BB01D77C4A600A8E672 /* View */,
				048C0BB11D77C4A600A8E672 /* ViewController */,
			);
			path = Live;
			sourceTree = "<group>";
		};
		048C0BAE1D77C4A600A8E672 /* Handle */ = {
			isa = PBXGroup;
			children = (
			);
			path = Handle;
			sourceTree = "<group>";
		};
		048C0BAF1D77C4A600A8E672 /* Model */ = {
			isa = PBXGroup;
			children = (
			);
			path = Model;
			sourceTree = "<group>";
		};
		048C0BB01D77C4A600A8E672 /* View */ = {
			isa = PBXGroup;
			children = (
			);
			path = View;
			sourceTree = "<group>";
		};
		048C0BB11D77C4A600A8E672 /* ViewController */ = {
			isa = PBXGroup;
			children = (
				048C0BD71D77DF2B00A8E672 /* LXLiveViewController.h */,
				048C0BD81D77DF2B00A8E672 /* LXLiveViewController.m */,
			);
			path = ViewController;
			sourceTree = "<group>";
		};
		048C0BB21D77C4A600A8E672 /* Me */ = {
			isa = PBXGroup;
			children = (
				048C0BB31D77C4A600A8E672 /* Handle */,
				048C0BB61D77C4A600A8E672 /* ViewController */,
				048C0BB51D77C4A600A8E672 /* View */,
				048C0BB41D77C4A600A8E672 /* Model */,
			);
			path = Me;
			sourceTree = "<group>";
		};
		048C0BB31D77C4A600A8E672 /* Handle */ = {
			isa = PBXGroup;
			children = (
			);
			path = Handle;
			sourceTree = "<group>";
		};
		048C0BB41D77C4A600A8E672 /* Model */ = {
			isa = PBXGroup;
			children = (
			);
			path = Model;
			sourceTree = "<group>";
		};
		048C0BB51D77C4A600A8E672 /* View */ = {
			isa = PBXGroup;
			children = (
			);
			path = View;
			sourceTree = "<group>";
		};
		048C0BB61D77C4A600A8E672 /* ViewController */ = {
			isa = PBXGroup;
			children = (
				040FE9381D79793D0056F7C6 /* LXMeViewController.h */,
				040FE9391D79793D0056F7C6 /* LXMeViewController.m */,
				040FE93A1D79793D0056F7C6 /* LXMeViewController.xib */,
			);
			path = ViewController;
			sourceTree = "<group>";
		};
		048C0BB81D77C4A600A8E672 /* Other */ = {
			isa = PBXGroup;
			children = (
				048C0BC51D77C51100A8E672 /* Inke_Live.pch */,
				048C0BB91D77C4A600A8E672 /* AppDelegate.h */,
				048C0BBA1D77C4A600A8E672 /* AppDelegate.m */,
				048C0BBB1D77C4A600A8E672 /* ViewController.h */,
				048C0BBC1D77C4A600A8E672 /* ViewController.m */,
				048C0BCC1D77D5A600A8E672 /* main.m */,
				040FE9351D796FA30056F7C6 /* MJExtensionConfig.h */,
				040FE9361D796FA30056F7C6 /* MJExtensionConfig.m */,
			);
			path = Other;
			sourceTree = "<group>";
		};
		048C0BBD1D77C4A600A8E672 /* Show */ = {
			isa = PBXGroup;
			children = (
				048C0BBE1D77C4A600A8E672 /* Handle */,
				048C0BC11D77C4A600A8E672 /* ViewController */,
				048C0BC01D77C4A600A8E672 /* View */,
				048C0BBF1D77C4A600A8E672 /* Model */,
			);
			path = Show;
			sourceTree = "<group>";
		};
		048C0BBE1D77C4A600A8E672 /* Handle */ = {
			isa = PBXGroup;
			children = (
				040FE93D1D7981070056F7C6 /* LXHotLiveHandler.h */,
				040FE93E1D7981070056F7C6 /* LXHotLiveHandler.m */,
			);
			path = Handle;
			sourceTree = "<group>";
		};
		048C0BBF1D77C4A600A8E672 /* Model */ = {
			isa = PBXGroup;
			children = (
				040FE95A1D7AC1800056F7C6 /* HotAdvertise */,
				040FE9591D7AC1750056F7C6 /* HotLive */,
			);
			path = Model;
			sourceTree = "<group>";
		};
		048C0BC01D77C4A600A8E672 /* View */ = {
			isa = PBXGroup;
			children = (
				048C0C6C1D79165400A8E672 /* LXMainTopView.h */,
				048C0C6D1D79165400A8E672 /* LXMainTopView.m */,
				040FE9561D79B68C0056F7C6 /* LXHotLiveHeaderView.h */,
				040FE9571D79B68C0056F7C6 /* LXHotLiveHeaderView.m */,
				040FE9401D7982770056F7C6 /* LXHotLiveCell.h */,
				040FE9411D7982770056F7C6 /* LXHotLiveCell.m */,
				040FE9421D7982770056F7C6 /* LXHotLiveCell.xib */,
			);
			path = View;
			sourceTree = "<group>";
		};
		048C0BC11D77C4A600A8E672 /* ViewController */ = {
			isa = PBXGroup;
			children = (
				048C0BEF1D782CFE00A8E672 /* LXMainViewController.h */,
				048C0BF01D782CFE00A8E672 /* LXMainViewController.m */,
				048C0BF11D782CFE00A8E672 /* LXMainViewController.xib */,
				048C0BFC1D78307300A8E672 /* LXFocusViewController.h */,
				048C0BFD1D78307300A8E672 /* LXFocusViewController.m */,
				048C0BFE1D78307300A8E672 /* LXFocusViewController.xib */,
				048C0C0C1D78317D00A8E672 /* LXHotViewController.h */,
				048C0C0D1D78317D00A8E672 /* LXHotViewController.m */,
				048C0C0E1D78317D00A8E672 /* LXHotViewController.xib */,
				048C0C061D7830FD00A8E672 /* LXNearViewController.h */,
				048C0C071D7830FD00A8E672 /* LXNearViewController.m */,
				048C0C081D7830FD00A8E672 /* LXNearViewController.xib */,
			);
			path = ViewController;
			sourceTree = "<group>";
		};
		048C0BC21D77C4A600A8E672 /* Vender */ = {
			isa = PBXGroup;
			children = (
			);
			path = Vender;
			sourceTree = "<group>";
		};
		048C0C6F1D7925C000A8E672 /* NetWork */ = {
			isa = PBXGroup;
			children = (
				040FE94E1D79A3050056F7C6 /* HttpTool.h */,
				040FE94F1D79A3050056F7C6 /* HttpTool.m */,
				048C0C701D7925FE00A8E672 /* APIConfig.h */,
				048C0C761D7928CD00A8E672 /* UIImageView+SDWebImage.h */,
				048C0C771D7928CD00A8E672 /* UIImageView+SDWebImage.m */,
			);
			path = NetWork;
			sourceTree = "<group>";
		};
		46C205B671F1FA0EF8487296 /* Frameworks */ = {
			isa = PBXGroup;
			children = (
				AFA9A6DC0AEC2E9351975B56 /* libPods-Inke_Live.a */,
				2662AE5E6CC94FFB37FB9044 /* libPods-Inke_LiveTests.a */,
				76EFDC78C71DA77E7D4A671C /* libPods-Inke_LiveUITests.a */,
			);
			name = Frameworks;
			sourceTree = "<group>";
		};
		BA898E257A8BC724BD214822 /* Pods */ = {
			isa = PBXGroup;
			children = (
				45E0F4974E5FF7C622BB0DDC /* Pods-Inke_Live.debug.xcconfig */,
				371CFBC0754D04AA73E7CFF2 /* Pods-Inke_Live.release.xcconfig */,
				3785A0AAD728542D0E479CDA /* Pods-Inke_LiveTests.debug.xcconfig */,
				79F3AEF3C049D8D8743AFCE5 /* Pods-Inke_LiveTests.release.xcconfig */,
				0D0DBAA899D7569829681B82 /* Pods-Inke_LiveUITests.debug.xcconfig */,
				D201B5C16ECD3ADBC2766D3A /* Pods-Inke_LiveUITests.release.xcconfig */,
			);
			name = Pods;
			sourceTree = "<group>";
		};
/* End PBXGroup section */

/* Begin PBXNativeTarget section */
		048C0B6C1D77C3B900A8E672 /* Inke_Live */ = {
			isa = PBXNativeTarget;
			buildConfigurationList = 048C0B9A1D77C3B900A8E672 /* Build configuration list for PBXNativeTarget "Inke_Live" */;
			buildPhases = (
				9CD1FBB6FD8E60CD8A345414 /* [CP] Check Pods Manifest.lock */,
				048C0B691D77C3B900A8E672 /* Sources */,
				048C0B6A1D77C3B900A8E672 /* Frameworks */,
				048C0B6B1D77C3B900A8E672 /* Resources */,
				2463242477A58030C60D0C71 /* [CP] Embed Pods Frameworks */,
				F78EA4593DAE92AB84140B63 /* [CP] Copy Pods Resources */,
			);
			buildRules = (
			);
			dependencies = (
			);
			name = Inke_Live;
			productName = Inke_Live;
			productReference = 048C0B6D1D77C3B900A8E672 /* Inke_Live.app */;
			productType = "com.apple.product-type.application";
		};
		048C0B851D77C3B900A8E672 /* Inke_LiveTests */ = {
			isa = PBXNativeTarget;
			buildConfigurationList = 048C0B9D1D77C3B900A8E672 /* Build configuration list for PBXNativeTarget "Inke_LiveTests" */;
			buildPhases = (
				05516A86153840408002E09A /* [CP] Check Pods Manifest.lock */,
				048C0B821D77C3B900A8E672 /* Sources */,
				048C0B831D77C3B900A8E672 /* Frameworks */,
				048C0B841D77C3B900A8E672 /* Resources */,
				858CDF44246284CAE3D76EA0 /* [CP] Embed Pods Frameworks */,
				3D4292F2531A4051EBB3C5DD /* [CP] Copy Pods Resources */,
			);
			buildRules = (
			);
			dependencies = (
				048C0B881D77C3B900A8E672 /* PBXTargetDependency */,
			);
			name = Inke_LiveTests;
			productName = Inke_LiveTests;
			productReference = 048C0B861D77C3B900A8E672 /* Inke_LiveTests.xctest */;
			productType = "com.apple.product-type.bundle.unit-test";
		};
		048C0B901D77C3B900A8E672 /* Inke_LiveUITests */ = {
			isa = PBXNativeTarget;
			buildConfigurationList = 048C0BA01D77C3B900A8E672 /* Build configuration list for PBXNativeTarget "Inke_LiveUITests" */;
			buildPhases = (
				1A01CFCF682AA24279FC63BF /* [CP] Check Pods Manifest.lock */,
				048C0B8D1D77C3B900A8E672 /* Sources */,
				048C0B8E1D77C3B900A8E672 /* Frameworks */,
				048C0B8F1D77C3B900A8E672 /* Resources */,
				E66C60CCEDC53137BF3B1957 /* [CP] Copy Pods Resources */,
			);
			buildRules = (
			);
			dependencies = (
				048C0B931D77C3B900A8E672 /* PBXTargetDependency */,
			);
			name = Inke_LiveUITests;
			productName = Inke_LiveUITests;
			productReference = 048C0B911D77C3B900A8E672 /* Inke_LiveUITests.xctest */;
			productType = "com.apple.product-type.bundle.ui-testing";
		};
/* End PBXNativeTarget section */

/* Begin PBXProject section */
		048C0B651D77C3B900A8E672 /* Project object */ = {
			isa = PBXProject;
			attributes = {
				CLASSPREFIX = LX;
				LastUpgradeCheck = 0720;
				ORGANIZATIONNAME = LXq;
				TargetAttributes = {
					048C0B6C1D77C3B900A8E672 = {
						CreatedOnToolsVersion = 7.2;
					};
					048C0B851D77C3B900A8E672 = {
						CreatedOnToolsVersion = 7.2;
						TestTargetID = 048C0B6C1D77C3B900A8E672;
					};
					048C0B901D77C3B900A8E672 = {
						CreatedOnToolsVersion = 7.2;
						TestTargetID = 048C0B6C1D77C3B900A8E672;
					};
				};
			};
			buildConfigurationList = 048C0B681D77C3B900A8E672 /* Build configuration list for PBXProject "Inke_Live" */;
			compatibilityVersion = "Xcode 3.2";
			developmentRegion = English;
			hasScannedForEncodings = 0;
			knownRegions = (
				en,
				Base,
			);
			mainGroup = 048C0B641D77C3B900A8E672;
			productRefGroup = 048C0B6E1D77C3B900A8E672 /* Products */;
			projectDirPath = "";
			projectRoot = "";
			targets = (
				048C0B6C1D77C3B900A8E672 /* Inke_Live */,
				048C0B851D77C3B900A8E672 /* Inke_LiveTests */,
				048C0B901D77C3B900A8E672 /* Inke_LiveUITests */,
			);
		};
/* End PBXProject section */

/* Begin PBXResourcesBuildPhase section */
		048C0B6B1D77C3B900A8E672 /* Resources */ = {
			isa = PBXResourcesBuildPhase;
			buildActionMask = 2147483647;
			files = (
				040FE93C1D79793D0056F7C6 /* LXMeViewController.xib in Resources */,
				048C0B801D77C3B900A8E672 /* LaunchScreen.storyboard in Resources */,
				048C0C0A1D7830FD00A8E672 /* LXNearViewController.xib in Resources */,
				048C0BEB1D782A6700A8E672 /* LXLaurenViewController.xib in Resources */,
				048C0B7D1D77C3B900A8E672 /* Assets.xcassets in Resources */,
				047DF3D41D7AF1AC000DF912 /* LXPhoneLoginViewController.xib in Resources */,
				040FE96A1D7AD59D0056F7C6 /* LXLoginViewController.xib in Resources */,
				048C0C101D78317D00A8E672 /* LXHotViewController.xib in Resources */,
				048C0C001D78307300A8E672 /* LXFocusViewController.xib in Resources */,
				048C0B7B1D77C3B900A8E672 /* Main.storyboard in Resources */,
				048C0BF31D782CFE00A8E672 /* LXMainViewController.xib in Resources */,
				040FE9441D7982770056F7C6 /* LXHotLiveCell.xib in Resources */,
			);
			runOnlyForDeploymentPostprocessing = 0;
		};
		048C0B841D77C3B900A8E672 /* Resources */ = {
			isa = PBXResourcesBuildPhase;
			buildActionMask = 2147483647;
			files = (
			);
			runOnlyForDeploymentPostprocessing = 0;
		};
		048C0B8F1D77C3B900A8E672 /* Resources */ = {
			isa = PBXResourcesBuildPhase;
			buildActionMask = 2147483647;
			files = (
			);
			runOnlyForDeploymentPostprocessing = 0;
		};
/* End PBXResourcesBuildPhase section */

/* Begin PBXShellScriptBuildPhase section */
		05516A86153840408002E09A /* [CP] Check Pods Manifest.lock */ = {
			isa = PBXShellScriptBuildPhase;
			buildActionMask = 2147483647;
			files = (
			);
			inputPaths = (
			);
			name = "[CP] Check Pods Manifest.lock";
			outputPaths = (
			);
			runOnlyForDeploymentPostprocessing = 0;
			shellPath = /bin/sh;
			shellScript = "diff \"${PODS_ROOT}/../Podfile.lock\" \"${PODS_ROOT}/Manifest.lock\" > /dev/null\nif [[ $? != 0 ]] ; then\n    cat << EOM\nerror: The sandbox is not in sync with the Podfile.lock. Run 'pod install' or update your CocoaPods installation.\nEOM\n    exit 1\nfi\n";
			showEnvVarsInLog = 0;
		};
		1A01CFCF682AA24279FC63BF /* [CP] Check Pods Manifest.lock */ = {
			isa = PBXShellScriptBuildPhase;
			buildActionMask = 2147483647;
			files = (
			);
			inputPaths = (
			);
			name = "[CP] Check Pods Manifest.lock";
			outputPaths = (
			);
			runOnlyForDeploymentPostprocessing = 0;
			shellPath = /bin/sh;
			shellScript = "diff \"${PODS_ROOT}/../Podfile.lock\" \"${PODS_ROOT}/Manifest.lock\" > /dev/null\nif [[ $? != 0 ]] ; then\n    cat << EOM\nerror: The sandbox is not in sync with the Podfile.lock. Run 'pod install' or update your CocoaPods installation.\nEOM\n    exit 1\nfi\n";
			showEnvVarsInLog = 0;
		};
		2463242477A58030C60D0C71 /* [CP] Embed Pods Frameworks */ = {
			isa = PBXShellScriptBuildPhase;
			buildActionMask = 2147483647;
			files = (
			);
			inputPaths = (
			);
			name = "[CP] Embed Pods Frameworks";
			outputPaths = (
			);
			runOnlyForDeploymentPostprocessing = 0;
			shellPath = /bin/sh;
			shellScript = "\"${SRCROOT}/Pods/Target Support Files/Pods-Inke_Live/Pods-Inke_Live-frameworks.sh\"\n";
			showEnvVarsInLog = 0;
		};
		3D4292F2531A4051EBB3C5DD /* [CP] Copy Pods Resources */ = {
			isa = PBXShellScriptBuildPhase;
			buildActionMask = 2147483647;
			files = (
			);
			inputPaths = (
			);
			name = "[CP] Copy Pods Resources";
			outputPaths = (
			);
			runOnlyForDeploymentPostprocessing = 0;
			shellPath = /bin/sh;
			shellScript = "\"${SRCROOT}/Pods/Target Support Files/Pods-Inke_LiveTests/Pods-Inke_LiveTests-resources.sh\"\n";
			showEnvVarsInLog = 0;
		};
		858CDF44246284CAE3D76EA0 /* [CP] Embed Pods Frameworks */ = {
			isa = PBXShellScriptBuildPhase;
			buildActionMask = 2147483647;
			files = (
			);
			inputPaths = (
			);
			name = "[CP] Embed Pods Frameworks";
			outputPaths = (
			);
			runOnlyForDeploymentPostprocessing = 0;
			shellPath = /bin/sh;
			shellScript = "\"${SRCROOT}/Pods/Target Support Files/Pods-Inke_LiveTests/Pods-Inke_LiveTests-frameworks.sh\"\n";
			showEnvVarsInLog = 0;
		};
		9CD1FBB6FD8E60CD8A345414 /* [CP] Check Pods Manifest.lock */ = {
			isa = PBXShellScriptBuildPhase;
			buildActionMask = 2147483647;
			files = (
			);
			inputPaths = (
			);
			name = "[CP] Check Pods Manifest.lock";
			outputPaths = (
			);
			runOnlyForDeploymentPostprocessing = 0;
			shellPath = /bin/sh;
			shellScript = "diff \"${PODS_ROOT}/../Podfile.lock\" \"${PODS_ROOT}/Manifest.lock\" > /dev/null\nif [[ $? != 0 ]] ; then\n    cat << EOM\nerror: The sandbox is not in sync with the Podfile.lock. Run 'pod install' or update your CocoaPods installation.\nEOM\n    exit 1\nfi\n";
			showEnvVarsInLog = 0;
		};
		E66C60CCEDC53137BF3B1957 /* [CP] Copy Pods Resources */ = {
			isa = PBXShellScriptBuildPhase;
			buildActionMask = 2147483647;
			files = (
			);
			inputPaths = (
			);
			name = "[CP] Copy Pods Resources";
			outputPaths = (
			);
			runOnlyForDeploymentPostprocessing = 0;
			shellPath = /bin/sh;
			shellScript = "\"${SRCROOT}/Pods/Target Support Files/Pods-Inke_LiveUITests/Pods-Inke_LiveUITests-resources.sh\"\n";
			showEnvVarsInLog = 0;
		};
		F78EA4593DAE92AB84140B63 /* [CP] Copy Pods Resources */ = {
			isa = PBXShellScriptBuildPhase;
			buildActionMask = 2147483647;
			files = (
			);
			inputPaths = (
			);
			name = "[CP] Copy Pods Resources";
			outputPaths = (
			);
			runOnlyForDeploymentPostprocessing = 0;
			shellPath = /bin/sh;
			shellScript = "\"${SRCROOT}/Pods/Target Support Files/Pods-Inke_Live/Pods-Inke_Live-resources.sh\"\n";
			showEnvVarsInLog = 0;
		};
/* End PBXShellScriptBuildPhase section */

/* Begin PBXSourcesBuildPhase section */
		048C0B691D77C3B900A8E672 /* Sources */ = {
			isa = PBXSourcesBuildPhase;
			buildActionMask = 2147483647;
			files = (
				048C0C0F1D78317D00A8E672 /* LXHotViewController.m in Sources */,
				040FE9581D79B68C0056F7C6 /* LXHotLiveHeaderView.m in Sources */,
				048C0C6E1D79165400A8E672 /* LXMainTopView.m in Sources */,
				048C0BCD1D77D5A600A8E672 /* main.m in Sources */,
				048C0BD31D77D9DC00A8E672 /* LXBaseNavigationController.m in Sources */,
				048C0C091D7830FD00A8E672 /* LXNearViewController.m in Sources */,
				048C0BC41D77C4A600A8E672 /* ViewController.m in Sources */,
				040FE95D1D7AC1C10056F7C6 /* LXHotLiveAdvertise.m in Sources */,
				040FE9371D796FA30056F7C6 /* MJExtensionConfig.m in Sources */,
				040FE93F1D7981070056F7C6 /* LXHotLiveHandler.m in Sources */,
				048C0C851D792FC500A8E672 /* LXCreateor.m in Sources */,
				040FE9601D7AC1E30056F7C6 /* LXResource.m in Sources */,
				048C0C8B1D794FB300A8E672 /* LXBaseHandler.m in Sources */,
				048C0C781D7928CD00A8E672 /* UIImageView+SDWebImage.m in Sources */,
				040FE9501D79A3050056F7C6 /* HttpTool.m in Sources */,
				048C0BE11D78260100A8E672 /* LXBaseViewController.m in Sources */,
				048C0BFF1D78307300A8E672 /* LXFocusViewController.m in Sources */,
				048C0C881D792FDC00A8E672 /* LXLive.m in Sources */,
				040FE9681D7AD57C0056F7C6 /* LXLoginViewController.m in Sources */,
				048C0BD91D77DF2B00A8E672 /* LXLiveViewController.m in Sources */,
				048C0BC31D77C4A600A8E672 /* AppDelegate.m in Sources */,
				047DF3D31D7AF1AC000DF912 /* LXPhoneLoginViewController.m in Sources */,
				040FE9431D7982770056F7C6 /* LXHotLiveCell.m in Sources */,
				048C0BC81D77D10600A8E672 /* LXBaseTabBarController.m in Sources */,
				048C0BF21D782CFE00A8E672 /* LXMainViewController.m in Sources */,
				048C0BCB1D77D19700A8E672 /* LXTabBar.m in Sources */,
				040FE93B1D79793D0056F7C6 /* LXMeViewController.m in Sources */,
				048C0BEA1D782A6700A8E672 /* LXLaurenViewController.m in Sources */,
				048C0C7C1D792EFE00A8E672 /* LXHotLiveModel.m in Sources */,
			);
			runOnlyForDeploymentPostprocessing = 0;
		};
		048C0B821D77C3B900A8E672 /* Sources */ = {
			isa = PBXSourcesBuildPhase;
			buildActionMask = 2147483647;
			files = (
				048C0B8B1D77C3B900A8E672 /* Inke_LiveTests.m in Sources */,
			);
			runOnlyForDeploymentPostprocessing = 0;
		};
		048C0B8D1D77C3B900A8E672 /* Sources */ = {
			isa = PBXSourcesBuildPhase;
			buildActionMask = 2147483647;
			files = (
				048C0B961D77C3B900A8E672 /* Inke_LiveUITests.m in Sources */,
			);
			runOnlyForDeploymentPostprocessing = 0;
		};
/* End PBXSourcesBuildPhase section */

/* Begin PBXTargetDependency section */
		048C0B881D77C3B900A8E672 /* PBXTargetDependency */ = {
			isa = PBXTargetDependency;
			target = 048C0B6C1D77C3B900A8E672 /* Inke_Live */;
			targetProxy = 048C0B871D77C3B900A8E672 /* PBXContainerItemProxy */;
		};
		048C0B931D77C3B900A8E672 /* PBXTargetDependency */ = {
			isa = PBXTargetDependency;
			target = 048C0B6C1D77C3B900A8E672 /* Inke_Live */;
			targetProxy = 048C0B921D77C3B900A8E672 /* PBXContainerItemProxy */;
		};
/* End PBXTargetDependency section */

/* Begin PBXVariantGroup section */
		048C0B791D77C3B900A8E672 /* Main.storyboard */ = {
			isa = PBXVariantGroup;
			children = (
				048C0B7A1D77C3B900A8E672 /* Base */,
			);
			name = Main.storyboard;
			sourceTree = "<group>";
		};
		048C0B7E1D77C3B900A8E672 /* LaunchScreen.storyboard */ = {
			isa = PBXVariantGroup;
			children = (
				048C0B7F1D77C3B900A8E672 /* Base */,
			);
			name = LaunchScreen.storyboard;
			sourceTree = "<group>";
		};
/* End PBXVariantGroup section */

/* Begin XCBuildConfiguration section */
		048C0B981D77C3B900A8E672 /* Debug */ = {
			isa = XCBuildConfiguration;
			buildSettings = {
				ALWAYS_SEARCH_USER_PATHS = NO;
				CLANG_CXX_LANGUAGE_STANDARD = "gnu++0x";
				CLANG_CXX_LIBRARY = "libc++";
				CLANG_ENABLE_MODULES = YES;
				CLANG_ENABLE_OBJC_ARC = YES;
				CLANG_WARN_BOOL_CONVERSION = YES;
				CLANG_WARN_CONSTANT_CONVERSION = YES;
				CLANG_WARN_DIRECT_OBJC_ISA_USAGE = YES_ERROR;
				CLANG_WARN_EMPTY_BODY = YES;
				CLANG_WARN_ENUM_CONVERSION = YES;
				CLANG_WARN_INT_CONVERSION = YES;
				CLANG_WARN_OBJC_ROOT_CLASS = YES_ERROR;
				CLANG_WARN_UNREACHABLE_CODE = YES;
				CLANG_WARN__DUPLICATE_METHOD_MATCH = YES;
				"CODE_SIGN_IDENTITY[sdk=iphoneos*]" = "iPhone Developer";
				COPY_PHASE_STRIP = NO;
				DEBUG_INFORMATION_FORMAT = dwarf;
				ENABLE_STRICT_OBJC_MSGSEND = YES;
				ENABLE_TESTABILITY = YES;
				GCC_C_LANGUAGE_STANDARD = gnu99;
				GCC_DYNAMIC_NO_PIC = NO;
				GCC_NO_COMMON_BLOCKS = YES;
				GCC_OPTIMIZATION_LEVEL = 0;
				GCC_PREPROCESSOR_DEFINITIONS = (
					"DEBUG=1",
					"$(inherited)",
				);
				GCC_WARN_64_TO_32_BIT_CONVERSION = YES;
				GCC_WARN_ABOUT_RETURN_TYPE = YES_ERROR;
				GCC_WARN_UNDECLARED_SELECTOR = YES;
				GCC_WARN_UNINITIALIZED_AUTOS = YES_AGGRESSIVE;
				GCC_WARN_UNUSED_FUNCTION = YES;
				GCC_WARN_UNUSED_VARIABLE = YES;
				IPHONEOS_DEPLOYMENT_TARGET = 9.2;
				MTL_ENABLE_DEBUG_INFO = YES;
				ONLY_ACTIVE_ARCH = YES;
				SDKROOT = iphoneos;
			};
			name = Debug;
		};
		048C0B991D77C3B900A8E672 /* Release */ = {
			isa = XCBuildConfiguration;
			buildSettings = {
				ALWAYS_SEARCH_USER_PATHS = NO;
				CLANG_CXX_LANGUAGE_STANDARD = "gnu++0x";
				CLANG_CXX_LIBRARY = "libc++";
				CLANG_ENABLE_MODULES = YES;
				CLANG_ENABLE_OBJC_ARC = YES;
				CLANG_WARN_BOOL_CONVERSION = YES;
				CLANG_WARN_CONSTANT_CONVERSION = YES;
				CLANG_WARN_DIRECT_OBJC_ISA_USAGE = YES_ERROR;
				CLANG_WARN_EMPTY_BODY = YES;
				CLANG_WARN_ENUM_CONVERSION = YES;
				CLANG_WARN_INT_CONVERSION = YES;
				CLANG_WARN_OBJC_ROOT_CLASS = YES_ERROR;
				CLANG_WARN_UNREACHABLE_CODE = YES;
				CLANG_WARN__DUPLICATE_METHOD_MATCH = YES;
				"CODE_SIGN_IDENTITY[sdk=iphoneos*]" = "iPhone Developer";
				COPY_PHASE_STRIP = NO;
				DEBUG_INFORMATION_FORMAT = "dwarf-with-dsym";
				ENABLE_NS_ASSERTIONS = NO;
				ENABLE_STRICT_OBJC_MSGSEND = YES;
				GCC_C_LANGUAGE_STANDARD = gnu99;
				GCC_NO_COMMON_BLOCKS = YES;
				GCC_WARN_64_TO_32_BIT_CONVERSION = YES;
				GCC_WARN_ABOUT_RETURN_TYPE = YES_ERROR;
				GCC_WARN_UNDECLARED_SELECTOR = YES;
				GCC_WARN_UNINITIALIZED_AUTOS = YES_AGGRESSIVE;
				GCC_WARN_UNUSED_FUNCTION = YES;
				GCC_WARN_UNUSED_VARIABLE = YES;
				IPHONEOS_DEPLOYMENT_TARGET = 9.2;
				MTL_ENABLE_DEBUG_INFO = NO;
				SDKROOT = iphoneos;
				VALIDATE_PRODUCT = YES;
			};
			name = Release;
		};
		048C0B9B1D77C3B900A8E672 /* Debug */ = {
			isa = XCBuildConfiguration;
			baseConfigurationReference = 45E0F4974E5FF7C622BB0DDC /* Pods-Inke_Live.debug.xcconfig */;
			buildSettings = {
				ASSETCATALOG_COMPILER_APPICON_NAME = AppIcon;
				ASSETCATALOG_COMPILER_LAUNCHIMAGE_NAME = "Brand Assets";
				GCC_PREFIX_HEADER = "$(SRCROOT)/Inke_Live/Classes/Other/Inke_Live.pch";
				INFOPLIST_FILE = Inke_Live/Info.plist;
				IPHONEOS_DEPLOYMENT_TARGET = 7.0;
				LD_RUNPATH_SEARCH_PATHS = "$(inherited) @executable_path/Frameworks";
				PRODUCT_BUNDLE_IDENTIFIER = "com.bjsxt.Inke-Live";
				PRODUCT_NAME = "$(TARGET_NAME)";
			};
			name = Debug;
		};
		048C0B9C1D77C3B900A8E672 /* Release */ = {
			isa = XCBuildConfiguration;
			baseConfigurationReference = 371CFBC0754D04AA73E7CFF2 /* Pods-Inke_Live.release.xcconfig */;
			buildSettings = {
				ASSETCATALOG_COMPILER_APPICON_NAME = AppIcon;
				ASSETCATALOG_COMPILER_LAUNCHIMAGE_NAME = "Brand Assets";
				GCC_PREFIX_HEADER = "$(SRCROOT)/Inke_Live/Classes/Other/Inke_Live.pch";
				INFOPLIST_FILE = Inke_Live/Info.plist;
				IPHONEOS_DEPLOYMENT_TARGET = 7.0;
				LD_RUNPATH_SEARCH_PATHS = "$(inherited) @executable_path/Frameworks";
				PRODUCT_BUNDLE_IDENTIFIER = "com.bjsxt.Inke-Live";
				PRODUCT_NAME = "$(TARGET_NAME)";
			};
			name = Release;
		};
		048C0B9E1D77C3B900A8E672 /* Debug */ = {
			isa = XCBuildConfiguration;
			baseConfigurationReference = 3785A0AAD728542D0E479CDA /* Pods-Inke_LiveTests.debug.xcconfig */;
			buildSettings = {
				BUNDLE_LOADER = "$(TEST_HOST)";
				INFOPLIST_FILE = Inke_LiveTests/Info.plist;
				LD_RUNPATH_SEARCH_PATHS = "$(inherited) @executable_path/Frameworks @loader_path/Frameworks";
				PRODUCT_BUNDLE_IDENTIFIER = "com.bjsxt.Inke-LiveTests";
				PRODUCT_NAME = "$(TARGET_NAME)";
				TEST_HOST = "$(BUILT_PRODUCTS_DIR)/Inke_Live.app/Inke_Live";
			};
			name = Debug;
		};
		048C0B9F1D77C3B900A8E672 /* Release */ = {
			isa = XCBuildConfiguration;
			baseConfigurationReference = 79F3AEF3C049D8D8743AFCE5 /* Pods-Inke_LiveTests.release.xcconfig */;
			buildSettings = {
				BUNDLE_LOADER = "$(TEST_HOST)";
				INFOPLIST_FILE = Inke_LiveTests/Info.plist;
				LD_RUNPATH_SEARCH_PATHS = "$(inherited) @executable_path/Frameworks @loader_path/Frameworks";
				PRODUCT_BUNDLE_IDENTIFIER = "com.bjsxt.Inke-LiveTests";
				PRODUCT_NAME = "$(TARGET_NAME)";
				TEST_HOST = "$(BUILT_PRODUCTS_DIR)/Inke_Live.app/Inke_Live";
			};
			name = Release;
		};
		048C0BA11D77C3B900A8E672 /* Debug */ = {
			isa = XCBuildConfiguration;
			baseConfigurationReference = 0D0DBAA899D7569829681B82 /* Pods-Inke_LiveUITests.debug.xcconfig */;
			buildSettings = {
				INFOPLIST_FILE = Inke_LiveUITests/Info.plist;
				LD_RUNPATH_SEARCH_PATHS = "$(inherited) @executable_path/Frameworks @loader_path/Frameworks";
				PRODUCT_BUNDLE_IDENTIFIER = "com.bjsxt.Inke-LiveUITests";
				PRODUCT_NAME = "$(TARGET_NAME)";
				TEST_TARGET_NAME = Inke_Live;
				USES_XCTRUNNER = YES;
			};
			name = Debug;
		};
		048C0BA21D77C3B900A8E672 /* Release */ = {
			isa = XCBuildConfiguration;
			baseConfigurationReference = D201B5C16ECD3ADBC2766D3A /* Pods-Inke_LiveUITests.release.xcconfig */;
			buildSettings = {
				INFOPLIST_FILE = Inke_LiveUITests/Info.plist;
				LD_RUNPATH_SEARCH_PATHS = "$(inherited) @executable_path/Frameworks @loader_path/Frameworks";
				PRODUCT_BUNDLE_IDENTIFIER = "com.bjsxt.Inke-LiveUITests";
				PRODUCT_NAME = "$(TARGET_NAME)";
				TEST_TARGET_NAME = Inke_Live;
				USES_XCTRUNNER = YES;
			};
			name = Release;
		};
/* End XCBuildConfiguration section */

/* Begin XCConfigurationList section */
		048C0B681D77C3B900A8E672 /* Build configuration list for PBXProject "Inke_Live" */ = {
			isa = XCConfigurationList;
			buildConfigurations = (
				048C0B981D77C3B900A8E672 /* Debug */,
				048C0B991D77C3B900A8E672 /* Release */,
			);
			defaultConfigurationIsVisible = 0;
			defaultConfigurationName = Release;
		};
		048C0B9A1D77C3B900A8E672 /* Build configuration list for PBXNativeTarget "Inke_Live" */ = {
			isa = XCConfigurationList;
			buildConfigurations = (
				048C0B9B1D77C3B900A8E672 /* Debug */,
				048C0B9C1D77C3B900A8E672 /* Release */,
			);
			defaultConfigurationIsVisible = 0;
			defaultConfigurationName = Release;
		};
		048C0B9D1D77C3B900A8E672 /* Build configuration list for PBXNativeTarget "Inke_LiveTests" */ = {
			isa = XCConfigurationList;
			buildConfigurations = (
				048C0B9E1D77C3B900A8E672 /* Debug */,
				048C0B9F1D77C3B900A8E672 /* Release */,
			);
			defaultConfigurationIsVisible = 0;
			defaultConfigurationName = Release;
		};
		048C0BA01D77C3B900A8E672 /* Build configuration list for PBXNativeTarget "Inke_LiveUITests" */ = {
			isa = XCConfigurationList;
			buildConfigurations = (
				048C0BA11D77C3B900A8E672 /* Debug */,
				048C0BA21D77C3B900A8E672 /* Release */,
			);
			defaultConfigurationIsVisible = 0;
			defaultConfigurationName = Release;
		};
/* End XCConfigurationList section */
	};
	rootObject = 048C0B651D77C3B900A8E672 /* Project object */;
}
